
Microsoft Visual Studio Solution File, Format Version 12.00
# Visual Studio Version 16
VisualStudioVersion = 16.0.32602.291
MinimumVisualStudioVersion = 10.0.40219.1
Project("{FAE04EC0-301F-11D3-BF4B-00C04F79EFBC}") = "ActualizarProyecto.Android", "ActualizarProyecto\ActualizarProyecto.Android\ActualizarProyecto.Android.csproj", "{329F0BBC-E932-4A53-971C-E6B5D4AF189D}"
EndProject
Project("{FAE04EC0-301F-11D3-BF4B-00C04F79EFBC}") = "ActualizarProyecto", "ActualizarProyecto\ActualizarProyecto\ActualizarProyecto.csproj", "{A178E1ED-D823-40ED-AE73-D83F66C2BE38}"
EndProject
Global
	GlobalSection(SolutionConfigurationPlatforms) = preSolution
		Debug|Any CPU = Debug|Any CPU
		Release|Any CPU = Release|Any CPU
	EndGlobalSection
	GlobalSection(ProjectConfigurationPlatforms) = postSolution
		{329F0BBC-E932-4A53-971C-E6B5D4AF189D}.Debug|Any CPU.ActiveCfg = Debug|Any CPU
		{329F0BBC-E932-4A53-971C-E6B5D4AF189D}.Debug|Any CPU.Build.0 = Debug|Any CPU
		{329F0BBC-E932-4A53-971C-E6B5D4AF189D}.Debug|Any CPU.Deploy.0 = Debug|Any CPU
		{329F0BBC-E932-4A53-971C-E6B5D4AF189D}.Release|Any CPU.ActiveCfg = Release|Any CPU
		{329F0BBC-E932-4A53-971C-E6B5D4AF189D}.Release|Any CPU.Build.0 = Release|Any CPU
		{329F0BBC-E932-4A53-971C-E6B5D4AF189D}.Release|Any CPU.Deploy.0 = Release|Any CPU
		{A178E1ED-D823-40ED-AE73-D83F66C2BE38}.Debug|Any CPU.ActiveCfg = Debug|Any CPU
		{A178E1ED-D823-40ED-AE73-D83F66C2BE38}.Debug|Any CPU.Build.0 = Debug|Any CPU
		{A178E1ED-D823-40ED-AE73-D83F66C2BE38}.Debug|Any CPU.Deploy.0 = Debug|Any CPU
		{A178E1ED-D823-40ED-AE73-D83F66C2BE38}.Release|Any CPU.ActiveCfg = Release|Any CPU
		{A178E1ED-D823-40ED-AE73-D83F66C2BE38}.Release|Any CPU.Build.0 = Release|Any CPU
		{A178E1ED-D823-40ED-AE73-D83F66C2BE38}.Release|Any CPU.Deploy.0 = Release|Any CPU
	EndGlobalSection
	GlobalSection(SolutionProperties) = preSolution
		HideSolutionNode = FALSE
	EndGlobalSection
	GlobalSection(ExtensibilityGlobals) = postSolution
		SolutionGuid = {528DD572-F7D1-4815-B285-FBBC92977652}
	EndGlobalSection
EndGlobal
